{
    "_readme": [
        "This file locks the dependencies of your project to a known state",
        "Read more about it at https://getcomposer.org/doc/01-basic-usage.md#composer-lock-the-lock-file",
        "This file is @generated automatically"
    ],
    "hash": "c434fdca94bec445dcf2e78dd448dac3",
    "content-hash": "d1aceb0af40999417da4a4d3e64217e2",
    "packages": [
        {
            "name": "NREL/api-umbrella",
            "version": "0.1",
            "source": {
                "type": "git",
                "url": "git@github.com:NREL/api-umbrella.git",
                "reference": "master"
            },
            "type": "library"
        }
    ],
    "packages-dev": [],
    "aliases": [],
    "minimum-stability": "stable",
    "stability-flags": [],
    "prefer-stable": false,
    "prefer-lowest": false,
    "platform": [],
    "platform-dev": []
}
